// !$*UTF8*$!
{
	archiveVersion = 1;
	classes = {
	};
	objectVersion = 50;
	objects = {

/* Begin PBXBuildFile section */
		023ADA05773637432C4AD939 /* Pods_weather_WatchKit_App.framework in Frameworks */ = {isa = PBXBuildFile; fileRef = 5CCAD73E8F7E9C777F393784 /* Pods_weather_WatchKit_App.framework */; };
		100BC7CE22BE39EA00E25A1F /* AppDelegate.swift in Sources */ = {isa = PBXBuildFile; fileRef = 100BC7CD22BE39EA00E25A1F /* AppDelegate.swift */; };
		100BC7D022BE39EA00E25A1F /* ViewController.swift in Sources */ = {isa = PBXBuildFile; fileRef = 100BC7CF22BE39EA00E25A1F /* ViewController.swift */; };
		100BC7D322BE39EA00E25A1F /* Main.storyboard in Resources */ = {isa = PBXBuildFile; fileRef = 100BC7D122BE39EA00E25A1F /* Main.storyboard */; };
		100BC7D522BE39EA00E25A1F /* Assets.xcassets in Resources */ = {isa = PBXBuildFile; fileRef = 100BC7D422BE39EA00E25A1F /* Assets.xcassets */; };
		100BC7D822BE39EA00E25A1F /* LaunchScreen.storyboard in Resources */ = {isa = PBXBuildFile; fileRef = 100BC7D622BE39EA00E25A1F /* LaunchScreen.storyboard */; };
		100BC7DD22BE39EA00E25A1F /* weather WatchKit App.app in Embed Watch Content */ = {isa = PBXBuildFile; fileRef = 100BC7DC22BE39EA00E25A1F /* weather WatchKit App.app */; };
		100BC7E322BE39EA00E25A1F /* Interface.storyboard in Resources */ = {isa = PBXBuildFile; fileRef = 100BC7E122BE39EA00E25A1F /* Interface.storyboard */; };
		100BC7E522BE39EB00E25A1F /* Assets.xcassets in Resources */ = {isa = PBXBuildFile; fileRef = 100BC7E422BE39EB00E25A1F /* Assets.xcassets */; };
		100BC7EC22BE39EB00E25A1F /* weather WatchKit Extension.appex in Embed App Extensions */ = {isa = PBXBuildFile; fileRef = 100BC7EB22BE39EB00E25A1F /* weather WatchKit Extension.appex */; settings = {ATTRIBUTES = (RemoveHeadersOnCopy, ); }; };
		100BC7F122BE39EB00E25A1F /* InterfaceController.swift in Sources */ = {isa = PBXBuildFile; fileRef = 100BC7F022BE39EB00E25A1F /* InterfaceController.swift */; };
		100BC7F322BE39EB00E25A1F /* ExtensionDelegate.swift in Sources */ = {isa = PBXBuildFile; fileRef = 100BC7F222BE39EB00E25A1F /* ExtensionDelegate.swift */; };
		100BC7F522BE39EB00E25A1F /* NotificationController.swift in Sources */ = {isa = PBXBuildFile; fileRef = 100BC7F422BE39EB00E25A1F /* NotificationController.swift */; };
		100BC7F722BE39EB00E25A1F /* Assets.xcassets in Resources */ = {isa = PBXBuildFile; fileRef = 100BC7F622BE39EB00E25A1F /* Assets.xcassets */; };
		7FBDDF0DEA4D82E6A089A4DE /* Pods_weather_WatchKit_Extension.framework in Frameworks */ = {isa = PBXBuildFile; fileRef = 9846FB4C8C4D78A9F224B97D /* Pods_weather_WatchKit_Extension.framework */; };
		A605BF2A0A5D8F9ADF475973 /* Pods_weather.framework in Frameworks */ = {isa = PBXBuildFile; fileRef = 465AF547146F2D3F88B38EB3 /* Pods_weather.framework */; };
/* End PBXBuildFile section */

/* Begin PBXContainerItemProxy section */
		100BC7DE22BE39EA00E25A1F /* PBXContainerItemProxy */ = {
			isa = PBXContainerItemProxy;
			containerPortal = 100BC7C222BE39EA00E25A1F /* Project object */;
			proxyType = 1;
			remoteGlobalIDString = 100BC7DB22BE39EA00E25A1F;
			remoteInfo = "weather WatchKit App";
		};
		100BC7ED22BE39EB00E25A1F /* PBXContainerItemProxy */ = {
			isa = PBXContainerItemProxy;
			containerPortal = 100BC7C222BE39EA00E25A1F /* Project object */;
			proxyType = 1;
			remoteGlobalIDString = 100BC7EA22BE39EB00E25A1F;
			remoteInfo = "weather WatchKit Extension";
		};
/* End PBXContainerItemProxy section */

/* Begin PBXCopyFilesBuildPhase section */
		100BC7FF22BE39EB00E25A1F /* Embed App Extensions */ = {
			isa = PBXCopyFilesBuildPhase;
			buildActionMask = 2147483647;
			dstPath = "";
			dstSubfolderSpec = 13;
			files = (
				100BC7EC22BE39EB00E25A1F /* weather WatchKit Extension.appex in Embed App Extensions */,
			);
			name = "Embed App Extensions";
			runOnlyForDeploymentPostprocessing = 0;
		};
		100BC80322BE39EB00E25A1F /* Embed Watch Content */ = {
			isa = PBXCopyFilesBuildPhase;
			buildActionMask = 2147483647;
			dstPath = "$(CONTENTS_FOLDER_PATH)/Watch";
			dstSubfolderSpec = 16;
			files = (
				100BC7DD22BE39EA00E25A1F /* weather WatchKit App.app in Embed Watch Content */,
			);
			name = "Embed Watch Content";
			runOnlyForDeploymentPostprocessing = 0;
		};
/* End PBXCopyFilesBuildPhase section */

/* Begin PBXFileReference section */
		100BC7CA22BE39EA00E25A1F /* weather.app */ = {isa = PBXFileReference; explicitFileType = wrapper.application; includeInIndex = 0; path = weather.app; sourceTree = BUILT_PRODUCTS_DIR; };
		100BC7CD22BE39EA00E25A1F /* AppDelegate.swift */ = {isa = PBXFileReference; lastKnownFileType = sourcecode.swift; path = AppDelegate.swift; sourceTree = "<group>"; };
		100BC7CF22BE39EA00E25A1F /* ViewController.swift */ = {isa = PBXFileReference; lastKnownFileType = sourcecode.swift; path = ViewController.swift; sourceTree = "<group>"; };
		100BC7D222BE39EA00E25A1F /* Base */ = {isa = PBXFileReference; lastKnownFileType = file.storyboard; name = Base; path = Base.lproj/Main.storyboard; sourceTree = "<group>"; };
		100BC7D422BE39EA00E25A1F /* Assets.xcassets */ = {isa = PBXFileReference; lastKnownFileType = folder.assetcatalog; path = Assets.xcassets; sourceTree = "<group>"; };
		100BC7D722BE39EA00E25A1F /* Base */ = {isa = PBXFileReference; lastKnownFileType = file.storyboard; name = Base; path = Base.lproj/LaunchScreen.storyboard; sourceTree = "<group>"; };
		100BC7D922BE39EA00E25A1F /* Info.plist */ = {isa = PBXFileReference; lastKnownFileType = text.plist.xml; path = Info.plist; sourceTree = "<group>"; };
		100BC7DC22BE39EA00E25A1F /* weather WatchKit App.app */ = {isa = PBXFileReference; explicitFileType = wrapper.application; includeInIndex = 0; path = "weather WatchKit App.app"; sourceTree = BUILT_PRODUCTS_DIR; };
		100BC7E222BE39EA00E25A1F /* Base */ = {isa = PBXFileReference; lastKnownFileType = file.storyboard; name = Base; path = Base.lproj/Interface.storyboard; sourceTree = "<group>"; };
		100BC7E422BE39EB00E25A1F /* Assets.xcassets */ = {isa = PBXFileReference; lastKnownFileType = folder.assetcatalog; path = Assets.xcassets; sourceTree = "<group>"; };
		100BC7E622BE39EB00E25A1F /* Info.plist */ = {isa = PBXFileReference; lastKnownFileType = text.plist.xml; path = Info.plist; sourceTree = "<group>"; };
		100BC7EB22BE39EB00E25A1F /* weather WatchKit Extension.appex */ = {isa = PBXFileReference; explicitFileType = "wrapper.app-extension"; includeInIndex = 0; path = "weather WatchKit Extension.appex"; sourceTree = BUILT_PRODUCTS_DIR; };
		100BC7F022BE39EB00E25A1F /* InterfaceController.swift */ = {isa = PBXFileReference; lastKnownFileType = sourcecode.swift; path = InterfaceController.swift; sourceTree = "<group>"; };
		100BC7F222BE39EB00E25A1F /* ExtensionDelegate.swift */ = {isa = PBXFileReference; lastKnownFileType = sourcecode.swift; path = ExtensionDelegate.swift; sourceTree = "<group>"; };
		100BC7F422BE39EB00E25A1F /* NotificationController.swift */ = {isa = PBXFileReference; lastKnownFileType = sourcecode.swift; path = NotificationController.swift; sourceTree = "<group>"; };
		100BC7F622BE39EB00E25A1F /* Assets.xcassets */ = {isa = PBXFileReference; lastKnownFileType = folder.assetcatalog; path = Assets.xcassets; sourceTree = "<group>"; };
		100BC7F822BE39EB00E25A1F /* Info.plist */ = {isa = PBXFileReference; lastKnownFileType = text.plist.xml; path = Info.plist; sourceTree = "<group>"; };
		100BC7F922BE39EB00E25A1F /* PushNotificationPayload.apns */ = {isa = PBXFileReference; lastKnownFileType = text; path = PushNotificationPayload.apns; sourceTree = "<group>"; };
		465AF547146F2D3F88B38EB3 /* Pods_weather.framework */ = {isa = PBXFileReference; explicitFileType = wrapper.framework; includeInIndex = 0; path = Pods_weather.framework; sourceTree = BUILT_PRODUCTS_DIR; };
		5CCAD73E8F7E9C777F393784 /* Pods_weather_WatchKit_App.framework */ = {isa = PBXFileReference; explicitFileType = wrapper.framework; includeInIndex = 0; path = Pods_weather_WatchKit_App.framework; sourceTree = BUILT_PRODUCTS_DIR; };
		6239E57960D4D92FC9C0FF1D /* Pods-weather.debug.xcconfig */ = {isa = PBXFileReference; includeInIndex = 1; lastKnownFileType = text.xcconfig; name = "Pods-weather.debug.xcconfig"; path = "Target Support Files/Pods-weather/Pods-weather.debug.xcconfig"; sourceTree = "<group>"; };
		9846FB4C8C4D78A9F224B97D /* Pods_weather_WatchKit_Extension.framework */ = {isa = PBXFileReference; explicitFileType = wrapper.framework; includeInIndex = 0; path = Pods_weather_WatchKit_Extension.framework; sourceTree = BUILT_PRODUCTS_DIR; };
		D05EF55148F838CF6DDF2495 /* Pods-weather WatchKit Extension.debug.xcconfig */ = {isa = PBXFileReference; includeInIndex = 1; lastKnownFileType = text.xcconfig; name = "Pods-weather WatchKit Extension.debug.xcconfig"; path = "Target Support Files/Pods-weather WatchKit Extension/Pods-weather WatchKit Extension.debug.xcconfig"; sourceTree = "<group>"; };
		D5446F283BED63D669EDD9C4 /* Pods-weather WatchKit App.debug.xcconfig */ = {isa = PBXFileReference; includeInIndex = 1; lastKnownFileType = text.xcconfig; name = "Pods-weather WatchKit App.debug.xcconfig"; path = "Target Support Files/Pods-weather WatchKit App/Pods-weather WatchKit App.debug.xcconfig"; sourceTree = "<group>"; };
		D95D2ED86E979317119FC6D0 /* Pods-weather WatchKit Extension.release.xcconfig */ = {isa = PBXFileReference; includeInIndex = 1; lastKnownFileType = text.xcconfig; name = "Pods-weather WatchKit Extension.release.xcconfig"; path = "Target Support Files/Pods-weather WatchKit Extension/Pods-weather WatchKit Extension.release.xcconfig"; sourceTree = "<group>"; };
		DB31E0B109A7CE87D38F253B /* Pods-weather WatchKit App.release.xcconfig */ = {isa = PBXFileReference; includeInIndex = 1; lastKnownFileType = text.xcconfig; name = "Pods-weather WatchKit App.release.xcconfig"; path = "Target Support Files/Pods-weather WatchKit App/Pods-weather WatchKit App.release.xcconfig"; sourceTree = "<group>"; };
		DD9E97842DC0901C1AE1BF5C /* Pods-weather.release.xcconfig */ = {isa = PBXFileReference; includeInIndex = 1; lastKnownFileType = text.xcconfig; name = "Pods-weather.release.xcconfig"; path = "Target Support Files/Pods-weather/Pods-weather.release.xcconfig"; sourceTree = "<group>"; };
/* End PBXFileReference section */

/* Begin PBXFrameworksBuildPhase section */
		100BC7C722BE39EA00E25A1F /* Frameworks */ = {
			isa = PBXFrameworksBuildPhase;
			buildActionMask = 2147483647;
			files = (
				A605BF2A0A5D8F9ADF475973 /* Pods_weather.framework in Frameworks */,
			);
			runOnlyForDeploymentPostprocessing = 0;
		};
		100BC7E822BE39EB00E25A1F /* Frameworks */ = {
			isa = PBXFrameworksBuildPhase;
			buildActionMask = 2147483647;
			files = (
				7FBDDF0DEA4D82E6A089A4DE /* Pods_weather_WatchKit_Extension.framework in Frameworks */,
			);
			runOnlyForDeploymentPostprocessing = 0;
		};
		278452F1C3AC2DEA3FF51454 /* Frameworks */ = {
			isa = PBXFrameworksBuildPhase;
			buildActionMask = 2147483647;
			files = (
				023ADA05773637432C4AD939 /* Pods_weather_WatchKit_App.framework in Frameworks */,
			);
			runOnlyForDeploymentPostprocessing = 0;
		};
/* End PBXFrameworksBuildPhase section */

/* Begin PBXGroup section */
		100BC7C122BE39EA00E25A1F = {
			isa = PBXGroup;
			children = (
				100BC7CC22BE39EA00E25A1F /* weather */,
				100BC7E022BE39EA00E25A1F /* weather WatchKit App */,
				100BC7EF22BE39EB00E25A1F /* weather WatchKit Extension */,
				100BC7CB22BE39EA00E25A1F /* Products */,
				8B79F1B7786304C781267AC2 /* Pods */,
				D60DBB5DD47CB41A9267EB6C /* Frameworks */,
			);
			sourceTree = "<group>";
		};
		100BC7CB22BE39EA00E25A1F /* Products */ = {
			isa = PBXGroup;
			children = (
				100BC7CA22BE39EA00E25A1F /* weather.app */,
				100BC7DC22BE39EA00E25A1F /* weather WatchKit App.app */,
				100BC7EB22BE39EB00E25A1F /* weather WatchKit Extension.appex */,
			);
			name = Products;
			sourceTree = "<group>";
		};
		100BC7CC22BE39EA00E25A1F /* weather */ = {
			isa = PBXGroup;
			children = (
				100BC7CD22BE39EA00E25A1F /* AppDelegate.swift */,
				100BC7CF22BE39EA00E25A1F /* ViewController.swift */,
				100BC7D122BE39EA00E25A1F /* Main.storyboard */,
				100BC7D422BE39EA00E25A1F /* Assets.xcassets */,
				100BC7D622BE39EA00E25A1F /* LaunchScreen.storyboard */,
				100BC7D922BE39EA00E25A1F /* Info.plist */,
			);
			path = weather;
			sourceTree = "<group>";
		};
		100BC7E022BE39EA00E25A1F /* weather WatchKit App */ = {
			isa = PBXGroup;
			children = (
				100BC7E122BE39EA00E25A1F /* Interface.storyboard */,
				100BC7E422BE39EB00E25A1F /* Assets.xcassets */,
				100BC7E622BE39EB00E25A1F /* Info.plist */,
			);
			path = "weather WatchKit App";
			sourceTree = "<group>";
		};
		100BC7EF22BE39EB00E25A1F /* weather WatchKit Extension */ = {
			isa = PBXGroup;
			children = (
				100BC7F022BE39EB00E25A1F /* InterfaceController.swift */,
				100BC7F222BE39EB00E25A1F /* ExtensionDelegate.swift */,
				100BC7F422BE39EB00E25A1F /* NotificationController.swift */,
				100BC7F622BE39EB00E25A1F /* Assets.xcassets */,
				100BC7F822BE39EB00E25A1F /* Info.plist */,
				100BC7F922BE39EB00E25A1F /* PushNotificationPayload.apns */,
			);
			path = "weather WatchKit Extension";
			sourceTree = "<group>";
		};
		8B79F1B7786304C781267AC2 /* Pods */ = {
			isa = PBXGroup;
			children = (
				6239E57960D4D92FC9C0FF1D /* Pods-weather.debug.xcconfig */,
				DD9E97842DC0901C1AE1BF5C /* Pods-weather.release.xcconfig */,
				D5446F283BED63D669EDD9C4 /* Pods-weather WatchKit App.debug.xcconfig */,
				DB31E0B109A7CE87D38F253B /* Pods-weather WatchKit App.release.xcconfig */,
				D05EF55148F838CF6DDF2495 /* Pods-weather WatchKit Extension.debug.xcconfig */,
				D95D2ED86E979317119FC6D0 /* Pods-weather WatchKit Extension.release.xcconfig */,
			);
			name = Pods;
			path = Pods;
			sourceTree = "<group>";
		};
		D60DBB5DD47CB41A9267EB6C /* Frameworks */ = {
			isa = PBXGroup;
			children = (
				465AF547146F2D3F88B38EB3 /* Pods_weather.framework */,
				5CCAD73E8F7E9C777F393784 /* Pods_weather_WatchKit_App.framework */,
				9846FB4C8C4D78A9F224B97D /* Pods_weather_WatchKit_Extension.framework */,
			);
			name = Frameworks;
			sourceTree = "<group>";
		};
/* End PBXGroup section */

/* Begin PBXNativeTarget section */
		100BC7C922BE39EA00E25A1F /* weather */ = {
			isa = PBXNativeTarget;
			buildConfigurationList = 100BC80422BE39EB00E25A1F /* Build configuration list for PBXNativeTarget "weather" */;
			buildPhases = (
				55DCEBE4FC1E224375BC68E6 /* [CP] Check Pods Manifest.lock */,
				100BC7C622BE39EA00E25A1F /* Sources */,
				100BC7C722BE39EA00E25A1F /* Frameworks */,
				100BC7C822BE39EA00E25A1F /* Resources */,
				100BC80322BE39EB00E25A1F /* Embed Watch Content */,
			);
			buildRules = (
			);
			dependencies = (
				100BC7DF22BE39EA00E25A1F /* PBXTargetDependency */,
			);
			name = weather;
			productName = weather;
			productReference = 100BC7CA22BE39EA00E25A1F /* weather.app */;
			productType = "com.apple.product-type.application";
		};
		100BC7DB22BE39EA00E25A1F /* weather WatchKit App */ = {
			isa = PBXNativeTarget;
			buildConfigurationList = 100BC80022BE39EB00E25A1F /* Build configuration list for PBXNativeTarget "weather WatchKit App" */;
			buildPhases = (
				C29AE5CC53820BBB4A39C64F /* [CP] Check Pods Manifest.lock */,
				100BC7DA22BE39EA00E25A1F /* Resources */,
				100BC7FF22BE39EB00E25A1F /* Embed App Extensions */,
				278452F1C3AC2DEA3FF51454 /* Frameworks */,
			);
			buildRules = (
			);
			dependencies = (
				100BC7EE22BE39EB00E25A1F /* PBXTargetDependency */,
			);
			name = "weather WatchKit App";
			productName = "weather WatchKit App";
			productReference = 100BC7DC22BE39EA00E25A1F /* weather WatchKit App.app */;
			productType = "com.apple.product-type.application.watchapp2";
		};
		100BC7EA22BE39EB00E25A1F /* weather WatchKit Extension */ = {
			isa = PBXNativeTarget;
			buildConfigurationList = 100BC7FC22BE39EB00E25A1F /* Build configuration list for PBXNativeTarget "weather WatchKit Extension" */;
			buildPhases = (
				DCFA27E39D634CF356FA7169 /* [CP] Check Pods Manifest.lock */,
				100BC7E722BE39EB00E25A1F /* Sources */,
				100BC7E822BE39EB00E25A1F /* Frameworks */,
				100BC7E922BE39EB00E25A1F /* Resources */,
				545AA5775266511F35C8E0B8 /* [CP] Embed Pods Frameworks */,
			);
			buildRules = (
			);
			dependencies = (
			);
			name = "weather WatchKit Extension";
			productName = "weather WatchKit Extension";
			productReference = 100BC7EB22BE39EB00E25A1F /* weather WatchKit Extension.appex */;
			productType = "com.apple.product-type.watchkit2-extension";
		};
/* End PBXNativeTarget section */

/* Begin PBXProject section */
		100BC7C222BE39EA00E25A1F /* Project object */ = {
			isa = PBXProject;
			attributes = {
				LastSwiftUpdateCheck = 1020;
				LastUpgradeCheck = 1020;
				ORGANIZATIONNAME = WSR;
				TargetAttributes = {
					100BC7C922BE39EA00E25A1F = {
						CreatedOnToolsVersion = 10.2.1;
					};
					100BC7DB22BE39EA00E25A1F = {
						CreatedOnToolsVersion = 10.2.1;
					};
					100BC7EA22BE39EB00E25A1F = {
						CreatedOnToolsVersion = 10.2.1;
					};
				};
			};
			buildConfigurationList = 100BC7C522BE39EA00E25A1F /* Build configuration list for PBXProject "weather" */;
			compatibilityVersion = "Xcode 9.3";
			developmentRegion = en;
			hasScannedForEncodings = 0;
			knownRegions = (
				en,
				Base,
			);
			mainGroup = 100BC7C122BE39EA00E25A1F;
			productRefGroup = 100BC7CB22BE39EA00E25A1F /* Products */;
			projectDirPath = "";
			projectRoot = "";
			targets = (
				100BC7C922BE39EA00E25A1F /* weather */,
				100BC7DB22BE39EA00E25A1F /* weather WatchKit App */,
				100BC7EA22BE39EB00E25A1F /* weather WatchKit Extension */,
			);
		};
/* End PBXProject section */

/* Begin PBXResourcesBuildPhase section */
		100BC7C822BE39EA00E25A1F /* Resources */ = {
			isa = PBXResourcesBuildPhase;
			buildActionMask = 2147483647;
			files = (
				100BC7D822BE39EA00E25A1F /* LaunchScreen.storyboard in Resources */,
				100BC7D522BE39EA00E25A1F /* Assets.xcassets in Resources */,
				100BC7D322BE39EA00E25A1F /* Main.storyboard in Resources */,
			);
			runOnlyForDeploymentPostprocessing = 0;
		};
		100BC7DA22BE39EA00E25A1F /* Resources */ = {
			isa = PBXResourcesBuildPhase;
			buildActionMask = 2147483647;
			files = (
				100BC7E522BE39EB00E25A1F /* Assets.xcassets in Resources */,
				100BC7E322BE39EA00E25A1F /* Interface.storyboard in Resources */,
			);
			runOnlyForDeploymentPostprocessing = 0;
		};
		100BC7E922BE39EB00E25A1F /* Resources */ = {
			isa = PBXResourcesBuildPhase;
			buildActionMask = 2147483647;
			files = (
				100BC7F722BE39EB00E25A1F /* Assets.xcassets in Resources */,
			);
			runOnlyForDeploymentPostprocessing = 0;
		};
/* End PBXResourcesBuildPhase section */

/* Begin PBXShellScriptBuildPhase section */
		545AA5775266511F35C8E0B8 /* [CP] Embed Pods Frameworks */ = {
			isa = PBXShellScriptBuildPhase;
			buildActionMask = 2147483647;
			files = (
			);
			inputFileListPaths = (
				"${PODS_ROOT}/Target Support Files/Pods-weather WatchKit Extension/Pods-weather WatchKit Extension-frameworks-${CONFIGURATION}-input-files.xcfilelist",
			);
			name = "[CP] Embed Pods Frameworks";
			outputFileListPaths = (
				"${PODS_ROOT}/Target Support Files/Pods-weather WatchKit Extension/Pods-weather WatchKit Extension-frameworks-${CONFIGURATION}-output-files.xcfilelist",
			);
			runOnlyForDeploymentPostprocessing = 0;
			shellPath = /bin/sh;
			shellScript = "\"${PODS_ROOT}/Target Support Files/Pods-weather WatchKit Extension/Pods-weather WatchKit Extension-frameworks.sh\"\n";
			showEnvVarsInLog = 0;
		};
		55DCEBE4FC1E224375BC68E6 /* [CP] Check Pods Manifest.lock */ = {
			isa = PBXShellScriptBuildPhase;
			buildActionMask = 2147483647;
			files = (
			);
			inputFileListPaths = (
			);
			inputPaths = (
				"${PODS_PODFILE_DIR_PATH}/Podfile.lock",
				"${PODS_ROOT}/Manifest.lock",
			);
			name = "[CP] Check Pods Manifest.lock";
			outputFileListPaths = (
			);
			outputPaths = (
				"$(DERIVED_FILE_DIR)/Pods-weather-checkManifestLockResult.txt",
			);
			runOnlyForDeploymentPostprocessing = 0;
			shellPath = /bin/sh;
			shellScript = "diff \"${PODS_PODFILE_DIR_PATH}/Podfile.lock\" \"${PODS_ROOT}/Manifest.lock\" > /dev/null\nif [ $? != 0 ] ; then\n    # print error to STDERR\n    echo \"error: The sandbox is not in sync with the Podfile.lock. Run 'pod install' or update your CocoaPods installation.\" >&2\n    exit 1\nfi\n# This output is used by Xcode 'outputs' to avoid re-running this script phase.\necho \"SUCCESS\" > \"${SCRIPT_OUTPUT_FILE_0}\"\n";
			showEnvVarsInLog = 0;
		};
		C29AE5CC53820BBB4A39C64F /* [CP] Check Pods Manifest.lock */ = {
			isa = PBXShellScriptBuildPhase;
			buildActionMask = 2147483647;
			files = (
			);
			inputFileListPaths = (
			);
			inputPaths = (
				"${PODS_PODFILE_DIR_PATH}/Podfile.lock",
				"${PODS_ROOT}/Manifest.lock",
			);
			name = "[CP] Check Pods Manifest.lock";
			outputFileListPaths = (
			);
			outputPaths = (
				"$(DERIVED_FILE_DIR)/Pods-weather WatchKit App-checkManifestLockResult.txt",
			);
			runOnlyForDeploymentPostprocessing = 0;
			shellPath = /bin/sh;
			shellScript = "diff \"${PODS_PODFILE_DIR_PATH}/Podfile.lock\" \"${PODS_ROOT}/Manifest.lock\" > /dev/null\nif [ $? != 0 ] ; then\n    # print error to STDERR\n    echo \"error: The sandbox is not in sync with the Podfile.lock. Run 'pod install' or update your CocoaPods installation.\" >&2\n    exit 1\nfi\n# This output is used by Xcode 'outputs' to avoid re-running this script phase.\necho \"SUCCESS\" > \"${SCRIPT_OUTPUT_FILE_0}\"\n";
			showEnvVarsInLog = 0;
		};
		DCFA27E39D634CF356FA7169 /* [CP] Check Pods Manifest.lock */ = {
			isa = PBXShellScriptBuildPhase;
			buildActionMask = 2147483647;
			files = (
			);
			inputFileListPaths = (
			);
			inputPaths = (
				"${PODS_PODFILE_DIR_PATH}/Podfile.lock",
				"${PODS_ROOT}/Manifest.lock",
			);
			name = "[CP] Check Pods Manifest.lock";
			outputFileListPaths = (
			);
			outputPaths = (
				"$(DERIVED_FILE_DIR)/Pods-weather WatchKit Extension-checkManifestLockResult.txt",
			);
			runOnlyForDeploymentPostprocessing = 0;
			shellPath = /bin/sh;
			shellScript = "diff \"${PODS_PODFILE_DIR_PATH}/Podfile.lock\" \"${PODS_ROOT}/Manifest.lock\" > /dev/null\nif [ $? != 0 ] ; then\n    # print error to STDERR\n    echo \"error: The sandbox is not in sync with the Podfile.lock. Run 'pod install' or update your CocoaPods installation.\" >&2\n    exit 1\nfi\n# This output is used by Xcode 'outputs' to avoid re-running this script phase.\necho \"SUCCESS\" > \"${SCRIPT_OUTPUT_FILE_0}\"\n";
			showEnvVarsInLog = 0;
		};
/* End PBXShellScriptBuildPhase section */

/* Begin PBXSourcesBuildPhase section */
		100BC7C622BE39EA00E25A1F /* Sources */ = {
			isa = PBXSourcesBuildPhase;
			buildActionMask = 2147483647;
			files = (
				100BC7D022BE39EA00E25A1F /* ViewController.swift in Sources */,
				100BC7CE22BE39EA00E25A1F /* AppDelegate.swift in Sources */,
			);
			runOnlyForDeploymentPostprocessing = 0;
		};
		100BC7E722BE39EB00E25A1F /* Sources */ = {
			isa = PBXSourcesBuildPhase;
			buildActionMask = 2147483647;
			files = (
				100BC7F522BE39EB00E25A1F /* NotificationController.swift in Sources */,
				100BC7F322BE39EB00E25A1F /* ExtensionDelegate.swift in Sources */,
				100BC7F122BE39EB00E25A1F /* InterfaceController.swift in Sources */,
			);
			runOnlyForDeploymentPostprocessing = 0;
		};
/* End PBXSourcesBuildPhase section */

/* Begin PBXTargetDependency section */
		100BC7DF22BE39EA00E25A1F /* PBXTargetDependency */ = {
			isa = PBXTargetDependency;
			target = 100BC7DB22BE39EA00E25A1F /* weather WatchKit App */;
			targetProxy = 100BC7DE22BE39EA00E25A1F /* PBXContainerItemProxy */;
		};
		100BC7EE22BE39EB00E25A1F /* PBXTargetDependency */ = {
			isa = PBXTargetDependency;
			target = 100BC7EA22BE39EB00E25A1F /* weather WatchKit Extension */;
			targetProxy = 100BC7ED22BE39EB00E25A1F /* PBXContainerItemProxy */;
		};
/* End PBXTargetDependency section */

/* Begin PBXVariantGroup section */
		100BC7D122BE39EA00E25A1F /* Main.storyboard */ = {
			isa = PBXVariantGroup;
			children = (
				100BC7D222BE39EA00E25A1F /* Base */,
			);
			name = Main.storyboard;
			sourceTree = "<group>";
		};
		100BC7D622BE39EA00E25A1F /* LaunchScreen.storyboard */ = {
			isa = PBXVariantGroup;
			children = (
				100BC7D722BE39EA00E25A1F /* Base */,
			);
			name = LaunchScreen.storyboard;
			sourceTree = "<group>";
		};
		100BC7E122BE39EA00E25A1F /* Interface.storyboard */ = {
			isa = PBXVariantGroup;
			children = (
				100BC7E222BE39EA00E25A1F /* Base */,
			);
			name = Interface.storyboard;
			sourceTree = "<group>";
		};
/* End PBXVariantGroup section */

/* Begin XCBuildConfiguration section */
		100BC7FA22BE39EB00E25A1F /* Debug */ = {
			isa = XCBuildConfiguration;
			buildSettings = {
				ALWAYS_SEARCH_USER_PATHS = NO;
				CLANG_ANALYZER_NONNULL = YES;
				CLANG_ANALYZER_NUMBER_OBJECT_CONVERSION = YES_AGGRESSIVE;
				CLANG_CXX_LANGUAGE_STANDARD = "gnu++14";
				CLANG_CXX_LIBRARY = "libc++";
				CLANG_ENABLE_MODULES = YES;
				CLANG_ENABLE_OBJC_ARC = YES;
				CLANG_ENABLE_OBJC_WEAK = YES;
				CLANG_WARN_BLOCK_CAPTURE_AUTORELEASING = YES;
				CLANG_WARN_BOOL_CONVERSION = YES;
				CLANG_WARN_COMMA = YES;
				CLANG_WARN_CONSTANT_CONVERSION = YES;
				CLANG_WARN_DEPRECATED_OBJC_IMPLEMENTATIONS = YES;
				CLANG_WARN_DIRECT_OBJC_ISA_USAGE = YES_ERROR;
				CLANG_WARN_DOCUMENTATION_COMMENTS = YES;
				CLANG_WARN_EMPTY_BODY = YES;
				CLANG_WARN_ENUM_CONVERSION = YES;
				CLANG_WARN_INFINITE_RECURSION = YES;
				CLANG_WARN_INT_CONVERSION = YES;
				CLANG_WARN_NON_LITERAL_NULL_CONVERSION = YES;
				CLANG_WARN_OBJC_IMPLICIT_RETAIN_SELF = YES;
				CLANG_WARN_OBJC_LITERAL_CONVERSION = YES;
				CLANG_WARN_OBJC_ROOT_CLASS = YES_ERROR;
				CLANG_WARN_RANGE_LOOP_ANALYSIS = YES;
				CLANG_WARN_STRICT_PROTOTYPES = YES;
				CLANG_WARN_SUSPICIOUS_MOVE = YES;
				CLANG_WARN_UNGUARDED_AVAILABILITY = YES_AGGRESSIVE;
				CLANG_WARN_UNREACHABLE_CODE = YES;
				CLANG_WARN__DUPLICATE_METHOD_MATCH = YES;
				CODE_SIGN_IDENTITY = "iPhone Developer";
				COPY_PHASE_STRIP = NO;
				DEBUG_INFORMATION_FORMAT = dwarf;
				ENABLE_STRICT_OBJC_MSGSEND = YES;
				ENABLE_TESTABILITY = YES;
				GCC_C_LANGUAGE_STANDARD = gnu11;
				GCC_DYNAMIC_NO_PIC = NO;
				GCC_NO_COMMON_BLOCKS = YES;
				GCC_OPTIMIZATION_LEVEL = 0;
				GCC_PREPROCESSOR_DEFINITIONS = (
					"DEBUG=1",
					"$(inherited)",
				);
				GCC_WARN_64_TO_32_BIT_CONVERSION = YES;
				GCC_WARN_ABOUT_RETURN_TYPE = YES_ERROR;
				GCC_WARN_UNDECLARED_SELECTOR = YES;
				GCC_WARN_UNINITIALIZED_AUTOS = YES_AGGRESSIVE;
				GCC_WARN_UNUSED_FUNCTION = YES;
				GCC_WARN_UNUSED_VARIABLE = YES;
				IPHONEOS_DEPLOYMENT_TARGET = 12.2;
				MTL_ENABLE_DEBUG_INFO = INCLUDE_SOURCE;
				MTL_FAST_MATH = YES;
				ONLY_ACTIVE_ARCH = YES;
				SDKROOT = iphoneos;
				SWIFT_ACTIVE_COMPILATION_CONDITIONS = DEBUG;
				SWIFT_OPTIMIZATION_LEVEL = "-Onone";
			};
			name = Debug;
		};
		100BC7FB22BE39EB00E25A1F /* Release */ = {
			isa = XCBuildConfiguration;
			buildSettings = {
				ALWAYS_SEARCH_USER_PATHS = NO;
				CLANG_ANALYZER_NONNULL = YES;
				CLANG_ANALYZER_NUMBER_OBJECT_CONVERSION = YES_AGGRESSIVE;
				CLANG_CXX_LANGUAGE_STANDARD = "gnu++14";
				CLANG_CXX_LIBRARY = "libc++";
				CLANG_ENABLE_MODULES = YES;
				CLANG_ENABLE_OBJC_ARC = YES;
				CLANG_ENABLE_OBJC_WEAK = YES;
				CLANG_WARN_BLOCK_CAPTURE_AUTORELEASING = YES;
				CLANG_WARN_BOOL_CONVERSION = YES;
				CLANG_WARN_COMMA = YES;
				CLANG_WARN_CONSTANT_CONVERSION = YES;
				CLANG_WARN_DEPRECATED_OBJC_IMPLEMENTATIONS = YES;
				CLANG_WARN_DIRECT_OBJC_ISA_USAGE = YES_ERROR;
				CLANG_WARN_DOCUMENTATION_COMMENTS = YES;
				CLANG_WARN_EMPTY_BODY = YES;
				CLANG_WARN_ENUM_CONVERSION = YES;
				CLANG_WARN_INFINITE_RECURSION = YES;
				CLANG_WARN_INT_CONVERSION = YES;
				CLANG_WARN_NON_LITERAL_NULL_CONVERSION = YES;
				CLANG_WARN_OBJC_IMPLICIT_RETAIN_SELF = YES;
				CLANG_WARN_OBJC_LITERAL_CONVERSION = YES;
				CLANG_WARN_OBJC_ROOT_CLASS = YES_ERROR;
				CLANG_WARN_RANGE_LOOP_ANALYSIS = YES;
				CLANG_WARN_STRICT_PROTOTYPES = YES;
				CLANG_WARN_SUSPICIOUS_MOVE = YES;
				CLANG_WARN_UNGUARDED_AVAILABILITY = YES_AGGRESSIVE;
				CLANG_WARN_UNREACHABLE_CODE = YES;
				CLANG_WARN__DUPLICATE_METHOD_MATCH = YES;
				CODE_SIGN_IDENTITY = "iPhone Developer";
				COPY_PHASE_STRIP = NO;
				DEBUG_INFORMATION_FORMAT = "dwarf-with-dsym";
				ENABLE_NS_ASSERTIONS = NO;
				ENABLE_STRICT_OBJC_MSGSEND = YES;
				GCC_C_LANGUAGE_STANDARD = gnu11;
				GCC_NO_COMMON_BLOCKS = YES;
				GCC_WARN_64_TO_32_BIT_CONVERSION = YES;
				GCC_WARN_ABOUT_RETURN_TYPE = YES_ERROR;
				GCC_WARN_UNDECLARED_SELECTOR = YES;
				GCC_WARN_UNINITIALIZED_AUTOS = YES_AGGRESSIVE;
				GCC_WARN_UNUSED_FUNCTION = YES;
				GCC_WARN_UNUSED_VARIABLE = YES;
				IPHONEOS_DEPLOYMENT_TARGET = 12.2;
				MTL_ENABLE_DEBUG_INFO = NO;
				MTL_FAST_MATH = YES;
				SDKROOT = iphoneos;
				SWIFT_COMPILATION_MODE = wholemodule;
				SWIFT_OPTIMIZATION_LEVEL = "-O";
				VALIDATE_PRODUCT = YES;
			};
			name = Release;
		};
		100BC7FD22BE39EB00E25A1F /* Debug */ = {
			isa = XCBuildConfiguration;
			baseConfigurationReference = D05EF55148F838CF6DDF2495 /* Pods-weather WatchKit Extension.debug.xcconfig */;
			buildSettings = {
				ASSETCATALOG_COMPILER_COMPLICATION_NAME = Complication;
				CODE_SIGN_STYLE = Automatic;
				INFOPLIST_FILE = "weather WatchKit Extension/Info.plist";
				LD_RUNPATH_SEARCH_PATHS = (
					"$(inherited)",
					"@executable_path/Frameworks",
					"@executable_path/../../Frameworks",
				);
				PRODUCT_BUNDLE_IDENTIFIER = test.com.weather.watchkitapp.watchkitextension;
				PRODUCT_NAME = "${TARGET_NAME}";
				SDKROOT = watchos;
				SKIP_INSTALL = YES;
				SWIFT_VERSION = 5.0;
				TARGETED_DEVICE_FAMILY = 4;
				WATCHOS_DEPLOYMENT_TARGET = 5.2;
			};
			name = Debug;
		};
		100BC7FE22BE39EB00E25A1F /* Release */ = {
			isa = XCBuildConfiguration;
			baseConfigurationReference = D95D2ED86E979317119FC6D0 /* Pods-weather WatchKit Extension.release.xcconfig */;
			buildSettings = {
				ASSETCATALOG_COMPILER_COMPLICATION_NAME = Complication;
				CODE_SIGN_STYLE = Automatic;
				INFOPLIST_FILE = "weather WatchKit Extension/Info.plist";
				LD_RUNPATH_SEARCH_PATHS = (
					"$(inherited)",
					"@executable_path/Frameworks",
					"@executable_path/../../Frameworks",
				);
				PRODUCT_BUNDLE_IDENTIFIER = test.com.weather.watchkitapp.watchkitextension;
				PRODUCT_NAME = "${TARGET_NAME}";
				SDKROOT = watchos;
				SKIP_INSTALL = YES;
				SWIFT_VERSION = 5.0;
				TARGETED_DEVICE_FAMILY = 4;
				WATCHOS_DEPLOYMENT_TARGET = 5.2;
			};
			name = Release;
		};
		100BC80122BE39EB00E25A1F /* Debug */ = {
			isa = XCBuildConfiguration;
			baseConfigurationReference = D5446F283BED63D669EDD9C4 /* Pods-weather WatchKit App.debug.xcconfig */;
			buildSettings = {
				ALWAYS_EMBED_SWIFT_STANDARD_LIBRARIES = YES;
				ASSETCATALOG_COMPILER_APPICON_NAME = AppIcon;
				CODE_SIGN_STYLE = Automatic;
				IBSC_MODULE = weather_WatchKit_Extension;
				INFOPLIST_FILE = "weather WatchKit App/Info.plist";
				PRODUCT_BUNDLE_IDENTIFIER = test.com.weather.watchkitapp;
				PRODUCT_NAME = "$(TARGET_NAME)";
				SDKROOT = watchos;
				SKIP_INSTALL = YES;
				SWIFT_VERSION = 5.0;
				TARGETED_DEVICE_FAMILY = 4;
				WATCHOS_DEPLOYMENT_TARGET = 5.2;
			};
			name = Debug;
		};
		100BC80222BE39EB00E25A1F /* Release */ = {
			isa = XCBuildConfiguration;
			baseConfigurationReference = DB31E0B109A7CE87D38F253B /* Pods-weather WatchKit App.release.xcconfig */;
			buildSettings = {
				ALWAYS_EMBED_SWIFT_STANDARD_LIBRARIES = YES;
				ASSETCATALOG_COMPILER_APPICON_NAME = AppIcon;
				CODE_SIGN_STYLE = Automatic;
				IBSC_MODULE = weather_WatchKit_Extension;
				INFOPLIST_FILE = "weather WatchKit App/Info.plist";
				PRODUCT_BUNDLE_IDENTIFIER = test.com.weather.watchkitapp;
				PRODUCT_NAME = "$(TARGET_NAME)";
				SDKROOT = watchos;
				SKIP_INSTALL = YES;
				SWIFT_VERSION = 5.0;
				TARGETED_DEVICE_FAMILY = 4;
				WATCHOS_DEPLOYMENT_TARGET = 5.2;
			};
			name = Release;
		};
		100BC80522BE39EB00E25A1F /* Debug */ = {
			isa = XCBuildConfiguration;
			baseConfigurationReference = 6239E57960D4D92FC9C0FF1D /* Pods-weather.debug.xcconfig */;
			buildSettings = {
				ASSETCATALOG_COMPILER_APPICON_NAME = AppIcon;
				CODE_SIGN_STYLE = Automatic;
				INFOPLIST_FILE = weather/Info.plist;
				LD_RUNPATH_SEARCH_PATHS = (
					"$(inherited)",
					"@executable_path/Frameworks",
				);
				PRODUCT_BUNDLE_IDENTIFIER = test.com.weather;
				PRODUCT_NAME = "$(TARGET_NAME)";
				SWIFT_VERSION = 5.0;
				TARGETED_DEVICE_FAMILY = "1,2";
			};
			name = Debug;
		};
		100BC80622BE39EB00E25A1F /* Release */ = {
			isa = XCBuildConfiguration;
			baseConfigurationReference = DD9E97842DC0901C1AE1BF5C /* Pods-weather.release.xcconfig */;
			buildSettings = {
				ASSETCATALOG_COMPILER_APPICON_NAME = AppIcon;
				CODE_SIGN_STYLE = Automatic;
				INFOPLIST_FILE = weather/Info.plist;
				LD_RUNPATH_SEARCH_PATHS = (
					"$(inherited)",
					"@executable_path/Frameworks",
				);
				PRODUCT_BUNDLE_IDENTIFIER = test.com.weather;
				PRODUCT_NAME = "$(TARGET_NAME)";
				SWIFT_VERSION = 5.0;
				TARGETED_DEVICE_FAMILY = "1,2";
			};
			name = Release;
		};
/* End XCBuildConfiguration section */

/* Begin XCConfigurationList section */
		100BC7C522BE39EA00E25A1F /* Build configuration list for PBXProject "weather" */ = {
			isa = XCConfigurationList;
			buildConfigurations = (
				100BC7FA22BE39EB00E25A1F /* Debug */,
				100BC7FB22BE39EB00E25A1F /* Release */,
			);
			defaultConfigurationIsVisible = 0;
			defaultConfigurationName = Release;
		};
		100BC7FC22BE39EB00E25A1F /* Build configuration list for PBXNativeTarget "weather WatchKit Extension" */ = {
			isa = XCConfigurationList;
			buildConfigurations = (
				100BC7FD22BE39EB00E25A1F /* Debug */,
				100BC7FE22BE39EB00E25A1F /* Release */,
			);
			defaultConfigurationIsVisible = 0;
			defaultConfigurationName = Release;
		};
		100BC80022BE39EB00E25A1F /* Build configuration list for PBXNativeTarget "weather WatchKit App" */ = {
			isa = XCConfigurationList;
			buildConfigurations = (
				100BC80122BE39EB00E25A1F /* Debug */,
				100BC80222BE39EB00E25A1F /* Release */,
			);
			defaultConfigurationIsVisible = 0;
			defaultConfigurationName = Release;
		};
		100BC80422BE39EB00E25A1F /* Build configuration list for PBXNativeTarget "weather" */ = {
			isa = XCConfigurationList;
			buildConfigurations = (
				100BC80522BE39EB00E25A1F /* Debug */,
				100BC80622BE39EB00E25A1F /* Release */,
			);
			defaultConfigurationIsVisible = 0;
			defaultConfigurationName = Release;
		};
/* End XCConfigurationList section */
	};
	rootObject = 100BC7C222BE39EA00E25A1F /* Project object */;
}
